
Microsoft Visual Studio Solution File, Format Version 12.00
# Visual Studio 15
VisualStudioVersion = 15.0.27130.2036
MinimumVisualStudioVersion = 10.0.40219.1
Project("{FAE04EC0-301F-11D3-BF4B-00C04F79EFBC}") = "EjemploCargarLista.Android", "EjemploCargarLista\EjemploCargarLista.Android\EjemploCargarLista.Android.csproj", "{50BE367E-4855-46B2-BC89-43495B74EBE5}"
EndProject
Project("{FAE04EC0-301F-11D3-BF4B-00C04F79EFBC}") = "EjemploCargarLista.iOS", "EjemploCargarLista\EjemploCargarLista.iOS\EjemploCargarLista.iOS.csproj", "{48626002-274B-47B2-8360-2F945D7F8E52}"
EndProject
Project("{FAE04EC0-301F-11D3-BF4B-00C04F79EFBC}") = "EjemploCargarLista.UWP", "EjemploCargarLista\EjemploCargarLista.UWP\EjemploCargarLista.UWP.csproj", "{A31CBAA8-92C4-4015-8EC8-0FE0C7072F3B}"
EndProject
Project("{FAE04EC0-301F-11D3-BF4B-00C04F79EFBC}") = "EjemploCargarLista", "EjemploCargarLista\EjemploCargarLista\EjemploCargarLista.csproj", "{5FFD47F5-9AF4-4EA7-9DA9-6A3E5126073E}"
EndProject
Global
	GlobalSection(SolutionConfigurationPlatforms) = preSolution
		Ad-Hoc|Any CPU = Ad-Hoc|Any CPU
		Ad-Hoc|ARM = Ad-Hoc|ARM
		Ad-Hoc|iPhone = Ad-Hoc|iPhone
		Ad-Hoc|iPhoneSimulator = Ad-Hoc|iPhoneSimulator
		Ad-Hoc|x64 = Ad-Hoc|x64
		Ad-Hoc|x86 = Ad-Hoc|x86
		AppStore|Any CPU = AppStore|Any CPU
		AppStore|ARM = AppStore|ARM
		AppStore|iPhone = AppStore|iPhone
		AppStore|iPhoneSimulator = AppStore|iPhoneSimulator
		AppStore|x64 = AppStore|x64
		AppStore|x86 = AppStore|x86
		Debug|Any CPU = Debug|Any CPU
		Debug|ARM = Debug|ARM
		Debug|iPhone = Debug|iPhone
		Debug|iPhoneSimulator = Debug|iPhoneSimulator
		Debug|x64 = Debug|x64
		Debug|x86 = Debug|x86
		Release|Any CPU = Release|Any CPU
		Release|ARM = Release|ARM
		Release|iPhone = Release|iPhone
		Release|iPhoneSimulator = Release|iPhoneSimulator
		Release|x64 = Release|x64
		Release|x86 = Release|x86
	EndGlobalSection
	GlobalSection(ProjectConfigurationPlatforms) = postSolution
		{50BE367E-4855-46B2-BC89-43495B74EBE5}.Ad-Hoc|Any CPU.ActiveCfg = Release|Any CPU
		{50BE367E-4855-46B2-BC89-43495B74EBE5}.Ad-Hoc|Any CPU.Build.0 = Release|Any CPU
		{50BE367E-4855-46B2-BC89-43495B74EBE5}.Ad-Hoc|Any CPU.Deploy.0 = Release|Any CPU
		{50BE367E-4855-46B2-BC89-43495B74EBE5}.Ad-Hoc|ARM.ActiveCfg = Release|Any CPU
		{50BE367E-4855-46B2-BC89-43495B74EBE5}.Ad-Hoc|ARM.Build.0 = Release|Any CPU
		{50BE367E-4855-46B2-BC89-43495B74EBE5}.Ad-Hoc|ARM.Deploy.0 = Release|Any CPU
		{50BE367E-4855-46B2-BC89-43495B74EBE5}.Ad-Hoc|iPhone.ActiveCfg = Release|Any CPU
		{50BE367E-4855-46B2-BC89-43495B74EBE5}.Ad-Hoc|iPhone.Build.0 = Release|Any CPU
		{50BE367E-4855-46B2-BC89-43495B74EBE5}.Ad-Hoc|iPhone.Deploy.0 = Release|Any CPU
		{50BE367E-4855-46B2-BC89-43495B74EBE5}.Ad-Hoc|iPhoneSimulator.ActiveCfg = Release|Any CPU
		{50BE367E-4855-46B2-BC89-43495B74EBE5}.Ad-Hoc|iPhoneSimulator.Build.0 = Release|Any CPU
		{50BE367E-4855-46B2-BC89-43495B74EBE5}.Ad-Hoc|iPhoneSimulator.Deploy.0 = Release|Any CPU
		{50BE367E-4855-46B2-BC89-43495B74EBE5}.Ad-Hoc|x64.ActiveCfg = Release|Any CPU
		{50BE367E-4855-46B2-BC89-43495B74EBE5}.Ad-Hoc|x64.Build.0 = Release|Any CPU
		{50BE367E-4855-46B2-BC89-43495B74EBE5}.Ad-Hoc|x64.Deploy.0 = Release|Any CPU
		{50BE367E-4855-46B2-BC89-43495B74EBE5}.Ad-Hoc|x86.ActiveCfg = Release|Any CPU
		{50BE367E-4855-46B2-BC89-43495B74EBE5}.Ad-Hoc|x86.Build.0 = Release|Any CPU
		{50BE367E-4855-46B2-BC89-43495B74EBE5}.Ad-Hoc|x86.Deploy.0 = Release|Any CPU
		{50BE367E-4855-46B2-BC89-43495B74EBE5}.AppStore|Any CPU.ActiveCfg = Release|Any CPU
		{50BE367E-4855-46B2-BC89-43495B74EBE5}.AppStore|Any CPU.Build.0 = Release|Any CPU
		{50BE367E-4855-46B2-BC89-43495B74EBE5}.AppStore|Any CPU.Deploy.0 = Release|Any CPU
		{50BE367E-4855-46B2-BC89-43495B74EBE5}.AppStore|ARM.ActiveCfg = Release|Any CPU
		{50BE367E-4855-46B2-BC89-43495B74EBE5}.AppStore|ARM.Build.0 = Release|Any CPU
		{50BE367E-4855-46B2-BC89-43495B74EBE5}.AppStore|ARM.Deploy.0 = Release|Any CPU
		{50BE367E-4855-46B2-BC89-43495B74EBE5}.AppStore|iPhone.ActiveCfg = Release|Any CPU
		{50BE367E-4855-46B2-BC89-43495B74EBE5}.AppStore|iPhone.Build.0 = Release|Any CPU
		{50BE367E-4855-46B2-BC89-43495B74EBE5}.AppStore|iPhone.Deploy.0 = Release|Any CPU
		{50BE367E-4855-46B2-BC89-43495B74EBE5}.AppStore|iPhoneSimulator.ActiveCfg = Release|Any CPU
		{50BE367E-4855-46B2-BC89-43495B74EBE5}.AppStore|iPhoneSimulator.Build.0 = Release|Any CPU
		{50BE367E-4855-46B2-BC89-43495B74EBE5}.AppStore|iPhoneSimulator.Deploy.0 = Release|Any CPU
		{50BE367E-4855-46B2-BC89-43495B74EBE5}.AppStore|x64.ActiveCfg = Release|Any CPU
		{50BE367E-4855-46B2-BC89-43495B74EBE5}.AppStore|x64.Build.0 = Release|Any CPU
		{50BE367E-4855-46B2-BC89-43495B74EBE5}.AppStore|x64.Deploy.0 = Release|Any CPU
		{50BE367E-4855-46B2-BC89-43495B74EBE5}.AppStore|x86.ActiveCfg = Release|Any CPU
		{50BE367E-4855-46B2-BC89-43495B74EBE5}.AppStore|x86.Build.0 = Release|Any CPU
		{50BE367E-4855-46B2-BC89-43495B74EBE5}.AppStore|x86.Deploy.0 = Release|Any CPU
		{50BE367E-4855-46B2-BC89-43495B74EBE5}.Debug|Any CPU.ActiveCfg = Debug|Any CPU
		{50BE367E-4855-46B2-BC89-43495B74EBE5}.Debug|Any CPU.Build.0 = Debug|Any CPU
		{50BE367E-4855-46B2-BC89-43495B74EBE5}.Debug|Any CPU.Deploy.0 = Debug|Any CPU
		{50BE367E-4855-46B2-BC89-43495B74EBE5}.Debug|ARM.ActiveCfg = Debug|Any CPU
		{50BE367E-4855-46B2-BC89-43495B74EBE5}.Debug|ARM.Build.0 = Debug|Any CPU
		{50BE367E-4855-46B2-BC89-43495B74EBE5}.Debug|ARM.Deploy.0 = Debug|Any CPU
		{50BE367E-4855-46B2-BC89-43495B74EBE5}.Debug|iPhone.ActiveCfg = Debug|Any CPU
		{50BE367E-4855-46B2-BC89-43495B74EBE5}.Debug|iPhone.Build.0 = Debug|Any CPU
		{50BE367E-4855-46B2-BC89-43495B74EBE5}.Debug|iPhone.Deploy.0 = Debug|Any CPU
		{50BE367E-4855-46B2-BC89-43495B74EBE5}.Debug|iPhoneSimulator.ActiveCfg = Debug|Any CPU
		{50BE367E-4855-46B2-BC89-43495B74EBE5}.Debug|iPhoneSimulator.Build.0 = Debug|Any CPU
		{50BE367E-4855-46B2-BC89-43495B74EBE5}.Debug|iPhoneSimulator.Deploy.0 = Debug|Any CPU
		{50BE367E-4855-46B2-BC89-43495B74EBE5}.Debug|x64.ActiveCfg = Debug|Any CPU
		{50BE367E-4855-46B2-BC89-43495B74EBE5}.Debug|x64.Build.0 = Debug|Any CPU
		{50BE367E-4855-46B2-BC89-43495B74EBE5}.Debug|x64.Deploy.0 = Debug|Any CPU
		{50BE367E-4855-46B2-BC89-43495B74EBE5}.Debug|x86.ActiveCfg = Debug|Any CPU
		{50BE367E-4855-46B2-BC89-43495B74EBE5}.Debug|x86.Build.0 = Debug|Any CPU
		{50BE367E-4855-46B2-BC89-43495B74EBE5}.Debug|x86.Deploy.0 = Debug|Any CPU
		{50BE367E-4855-46B2-BC89-43495B74EBE5}.Release|Any CPU.ActiveCfg = Release|Any CPU
		{50BE367E-4855-46B2-BC89-43495B74EBE5}.Release|Any CPU.Build.0 = Release|Any CPU
		{50BE367E-4855-46B2-BC89-43495B74EBE5}.Release|Any CPU.Deploy.0 = Release|Any CPU
		{50BE367E-4855-46B2-BC89-43495B74EBE5}.Release|ARM.ActiveCfg = Release|Any CPU
		{50BE367E-4855-46B2-BC89-43495B74EBE5}.Release|ARM.Build.0 = Release|Any CPU
		{50BE367E-4855-46B2-BC89-43495B74EBE5}.Release|ARM.Deploy.0 = Release|Any CPU
		{50BE367E-4855-46B2-BC89-43495B74EBE5}.Release|iPhone.ActiveCfg = Release|Any CPU
		{50BE367E-4855-46B2-BC89-43495B74EBE5}.Release|iPhone.Build.0 = Release|Any CPU
		{50BE367E-4855-46B2-BC89-43495B74EBE5}.Release|iPhone.Deploy.0 = Release|Any CPU
		{50BE367E-4855-46B2-BC89-43495B74EBE5}.Release|iPhoneSimulator.ActiveCfg = Release|Any CPU
		{50BE367E-4855-46B2-BC89-43495B74EBE5}.Release|iPhoneSimulator.Build.0 = Release|Any CPU
		{50BE367E-4855-46B2-BC89-43495B74EBE5}.Release|iPhoneSimulator.Deploy.0 = Release|Any CPU
		{50BE367E-4855-46B2-BC89-43495B74EBE5}.Release|x64.ActiveCfg = Release|Any CPU
		{50BE367E-4855-46B2-BC89-43495B74EBE5}.Release|x64.Build.0 = Release|Any CPU
		{50BE367E-4855-46B2-BC89-43495B74EBE5}.Release|x64.Deploy.0 = Release|Any CPU
		{50BE367E-4855-46B2-BC89-43495B74EBE5}.Release|x86.ActiveCfg = Release|Any CPU
		{50BE367E-4855-46B2-BC89-43495B74EBE5}.Release|x86.Build.0 = Release|Any CPU
		{50BE367E-4855-46B2-BC89-43495B74EBE5}.Release|x86.Deploy.0 = Release|Any CPU
		{48626002-274B-47B2-8360-2F945D7F8E52}.Ad-Hoc|Any CPU.ActiveCfg = Ad-Hoc|iPhone
		{48626002-274B-47B2-8360-2F945D7F8E52}.Ad-Hoc|ARM.ActiveCfg = Ad-Hoc|iPhone
		{48626002-274B-47B2-8360-2F945D7F8E52}.Ad-Hoc|iPhone.ActiveCfg = Ad-Hoc|iPhone
		{48626002-274B-47B2-8360-2F945D7F8E52}.Ad-Hoc|iPhone.Build.0 = Ad-Hoc|iPhone
		{48626002-274B-47B2-8360-2F945D7F8E52}.Ad-Hoc|iPhoneSimulator.ActiveCfg = Ad-Hoc|iPhoneSimulator
		{48626002-274B-47B2-8360-2F945D7F8E52}.Ad-Hoc|iPhoneSimulator.Build.0 = Ad-Hoc|iPhoneSimulator
		{48626002-274B-47B2-8360-2F945D7F8E52}.Ad-Hoc|x64.ActiveCfg = Ad-Hoc|iPhone
		{48626002-274B-47B2-8360-2F945D7F8E52}.Ad-Hoc|x86.ActiveCfg = Ad-Hoc|iPhone
		{48626002-274B-47B2-8360-2F945D7F8E52}.AppStore|Any CPU.ActiveCfg = AppStore|iPhone
		{48626002-274B-47B2-8360-2F945D7F8E52}.AppStore|ARM.ActiveCfg = AppStore|iPhone
		{48626002-274B-47B2-8360-2F945D7F8E52}.AppStore|iPhone.ActiveCfg = AppStore|iPhone
		{48626002-274B-47B2-8360-2F945D7F8E52}.AppStore|iPhone.Build.0 = AppStore|iPhone
		{48626002-274B-47B2-8360-2F945D7F8E52}.AppStore|iPhoneSimulator.ActiveCfg = AppStore|iPhoneSimulator
		{48626002-274B-47B2-8360-2F945D7F8E52}.AppStore|iPhoneSimulator.Build.0 = AppStore|iPhoneSimulator
		{48626002-274B-47B2-8360-2F945D7F8E52}.AppStore|x64.ActiveCfg = AppStore|iPhone
		{48626002-274B-47B2-8360-2F945D7F8E52}.AppStore|x86.ActiveCfg = AppStore|iPhone
		{48626002-274B-47B2-8360-2F945D7F8E52}.Debug|Any CPU.ActiveCfg = Debug|iPhone
		{48626002-274B-47B2-8360-2F945D7F8E52}.Debug|ARM.ActiveCfg = Debug|iPhone
		{48626002-274B-47B2-8360-2F945D7F8E52}.Debug|iPhone.ActiveCfg = Debug|iPhone
		{48626002-274B-47B2-8360-2F945D7F8E52}.Debug|iPhone.Build.0 = Debug|iPhone
		{48626002-274B-47B2-8360-2F945D7F8E52}.Debug|iPhoneSimulator.ActiveCfg = Debug|iPhoneSimulator
		{48626002-274B-47B2-8360-2F945D7F8E52}.Debug|iPhoneSimulator.Build.0 = Debug|iPhoneSimulator
		{48626002-274B-47B2-8360-2F945D7F8E52}.Debug|x64.ActiveCfg = Debug|iPhone
		{48626002-274B-47B2-8360-2F945D7F8E52}.Debug|x86.ActiveCfg = Debug|iPhone
		{48626002-274B-47B2-8360-2F945D7F8E52}.Release|Any CPU.ActiveCfg = Release|iPhone
		{48626002-274B-47B2-8360-2F945D7F8E52}.Release|ARM.ActiveCfg = Release|iPhone
		{48626002-274B-47B2-8360-2F945D7F8E52}.Release|iPhone.ActiveCfg = Release|iPhone
		{48626002-274B-47B2-8360-2F945D7F8E52}.Release|iPhone.Build.0 = Release|iPhone
		{48626002-274B-47B2-8360-2F945D7F8E52}.Release|iPhoneSimulator.ActiveCfg = Release|iPhoneSimulator
		{48626002-274B-47B2-8360-2F945D7F8E52}.Release|iPhoneSimulator.Build.0 = Release|iPhoneSimulator
		{48626002-274B-47B2-8360-2F945D7F8E52}.Release|x64.ActiveCfg = Release|iPhone
		{48626002-274B-47B2-8360-2F945D7F8E52}.Release|x86.ActiveCfg = Release|iPhone
		{A31CBAA8-92C4-4015-8EC8-0FE0C7072F3B}.Ad-Hoc|Any CPU.ActiveCfg = Release|x86
		{A31CBAA8-92C4-4015-8EC8-0FE0C7072F3B}.Ad-Hoc|Any CPU.Build.0 = Release|x86
		{A31CBAA8-92C4-4015-8EC8-0FE0C7072F3B}.Ad-Hoc|Any CPU.Deploy.0 = Release|x86
		{A31CBAA8-92C4-4015-8EC8-0FE0C7072F3B}.Ad-Hoc|ARM.ActiveCfg = Release|ARM
		{A31CBAA8-92C4-4015-8EC8-0FE0C7072F3B}.Ad-Hoc|ARM.Build.0 = Release|ARM
		{A31CBAA8-92C4-4015-8EC8-0FE0C7072F3B}.Ad-Hoc|ARM.Deploy.0 = Release|ARM
		{A31CBAA8-92C4-4015-8EC8-0FE0C7072F3B}.Ad-Hoc|iPhone.ActiveCfg = Release|x86
		{A31CBAA8-92C4-4015-8EC8-0FE0C7072F3B}.Ad-Hoc|iPhone.Build.0 = Release|x86
		{A31CBAA8-92C4-4015-8EC8-0FE0C7072F3B}.Ad-Hoc|iPhone.Deploy.0 = Release|x86
		{A31CBAA8-92C4-4015-8EC8-0FE0C7072F3B}.Ad-Hoc|iPhoneSimulator.ActiveCfg = Release|x86
		{A31CBAA8-92C4-4015-8EC8-0FE0C7072F3B}.Ad-Hoc|iPhoneSimulator.Build.0 = Release|x86
		{A31CBAA8-92C4-4015-8EC8-0FE0C7072F3B}.Ad-Hoc|iPhoneSimulator.Deploy.0 = Release|x86
		{A31CBAA8-92C4-4015-8EC8-0FE0C7072F3B}.Ad-Hoc|x64.ActiveCfg = Release|x64
		{A31CBAA8-92C4-4015-8EC8-0FE0C7072F3B}.Ad-Hoc|x64.Build.0 = Release|x64
		{A31CBAA8-92C4-4015-8EC8-0FE0C7072F3B}.Ad-Hoc|x64.Deploy.0 = Release|x64
		{A31CBAA8-92C4-4015-8EC8-0FE0C7072F3B}.Ad-Hoc|x86.ActiveCfg = Release|x86
		{A31CBAA8-92C4-4015-8EC8-0FE0C7072F3B}.Ad-Hoc|x86.Build.0 = Release|x86
		{A31CBAA8-92C4-4015-8EC8-0FE0C7072F3B}.Ad-Hoc|x86.Deploy.0 = Release|x86
		{A31CBAA8-92C4-4015-8EC8-0FE0C7072F3B}.AppStore|Any CPU.ActiveCfg = Release|x86
		{A31CBAA8-92C4-4015-8EC8-0FE0C7072F3B}.AppStore|Any CPU.Build.0 = Release|x86
		{A31CBAA8-92C4-4015-8EC8-0FE0C7072F3B}.AppStore|Any CPU.Deploy.0 = Release|x86
		{A31CBAA8-92C4-4015-8EC8-0FE0C7072F3B}.AppStore|ARM.ActiveCfg = Release|ARM
		{A31CBAA8-92C4-4015-8EC8-0FE0C7072F3B}.AppStore|ARM.Build.0 = Release|ARM
		{A31CBAA8-92C4-4015-8EC8-0FE0C7072F3B}.AppStore|ARM.Deploy.0 = Release|ARM
		{A31CBAA8-92C4-4015-8EC8-0FE0C7072F3B}.AppStore|iPhone.ActiveCfg = Release|x86
		{A31CBAA8-92C4-4015-8EC8-0FE0C7072F3B}.AppStore|iPhone.Build.0 = Release|x86
		{A31CBAA8-92C4-4015-8EC8-0FE0C7072F3B}.AppStore|iPhone.Deploy.0 = Release|x86
		{A31CBAA8-92C4-4015-8EC8-0FE0C7072F3B}.AppStore|iPhoneSimulator.ActiveCfg = Release|x86
		{A31CBAA8-92C4-4015-8EC8-0FE0C7072F3B}.AppStore|iPhoneSimulator.Build.0 = Release|x86
		{A31CBAA8-92C4-4015-8EC8-0FE0C7072F3B}.AppStore|iPhoneSimulator.Deploy.0 = Release|x86
		{A31CBAA8-92C4-4015-8EC8-0FE0C7072F3B}.AppStore|x64.ActiveCfg = Release|x64
		{A31CBAA8-92C4-4015-8EC8-0FE0C7072F3B}.AppStore|x64.Build.0 = Release|x64
		{A31CBAA8-92C4-4015-8EC8-0FE0C7072F3B}.AppStore|x64.Deploy.0 = Release|x64
		{A31CBAA8-92C4-4015-8EC8-0FE0C7072F3B}.AppStore|x86.ActiveCfg = Release|x86
		{A31CBAA8-92C4-4015-8EC8-0FE0C7072F3B}.AppStore|x86.Build.0 = Release|x86
		{A31CBAA8-92C4-4015-8EC8-0FE0C7072F3B}.AppStore|x86.Deploy.0 = Release|x86
		{A31CBAA8-92C4-4015-8EC8-0FE0C7072F3B}.Debug|Any CPU.ActiveCfg = Debug|x86
		{A31CBAA8-92C4-4015-8EC8-0FE0C7072F3B}.Debug|ARM.ActiveCfg = Debug|ARM
		{A31CBAA8-92C4-4015-8EC8-0FE0C7072F3B}.Debug|ARM.Build.0 = Debug|ARM
		{A31CBAA8-92C4-4015-8EC8-0FE0C7072F3B}.Debug|ARM.Deploy.0 = Debug|ARM
		{A31CBAA8-92C4-4015-8EC8-0FE0C7072F3B}.Debug|iPhone.ActiveCfg = Debug|x86
		{A31CBAA8-92C4-4015-8EC8-0FE0C7072F3B}.Debug|iPhoneSimulator.ActiveCfg = Debug|x86
		{A31CBAA8-92C4-4015-8EC8-0FE0C7072F3B}.Debug|x64.ActiveCfg = Debug|x64
		{A31CBAA8-92C4-4015-8EC8-0FE0C7072F3B}.Debug|x64.Build.0 = Debug|x64
		{A31CBAA8-92C4-4015-8EC8-0FE0C7072F3B}.Debug|x64.Deploy.0 = Debug|x64
		{A31CBAA8-92C4-4015-8EC8-0FE0C7072F3B}.Debug|x86.ActiveCfg = Debug|x86
		{A31CBAA8-92C4-4015-8EC8-0FE0C7072F3B}.Debug|x86.Build.0 = Debug|x86
		{A31CBAA8-92C4-4015-8EC8-0FE0C7072F3B}.Debug|x86.Deploy.0 = Debug|x86
		{A31CBAA8-92C4-4015-8EC8-0FE0C7072F3B}.Release|Any CPU.ActiveCfg = Release|x86
		{A31CBAA8-92C4-4015-8EC8-0FE0C7072F3B}.Release|ARM.ActiveCfg = Release|ARM
		{A31CBAA8-92C4-4015-8EC8-0FE0C7072F3B}.Release|ARM.Build.0 = Release|ARM
		{A31CBAA8-92C4-4015-8EC8-0FE0C7072F3B}.Release|ARM.Deploy.0 = Release|ARM
		{A31CBAA8-92C4-4015-8EC8-0FE0C7072F3B}.Release|iPhone.ActiveCfg = Release|x86
		{A31CBAA8-92C4-4015-8EC8-0FE0C7072F3B}.Release|iPhoneSimulator.ActiveCfg = Release|x86
		{A31CBAA8-92C4-4015-8EC8-0FE0C7072F3B}.Release|x64.ActiveCfg = Release|x64
		{A31CBAA8-92C4-4015-8EC8-0FE0C7072F3B}.Release|x64.Build.0 = Release|x64
		{A31CBAA8-92C4-4015-8EC8-0FE0C7072F3B}.Release|x64.Deploy.0 = Release|x64
		{A31CBAA8-92C4-4015-8EC8-0FE0C7072F3B}.Release|x86.ActiveCfg = Release|x86
		{A31CBAA8-92C4-4015-8EC8-0FE0C7072F3B}.Release|x86.Build.0 = Release|x86
		{A31CBAA8-92C4-4015-8EC8-0FE0C7072F3B}.Release|x86.Deploy.0 = Release|x86
		{5FFD47F5-9AF4-4EA7-9DA9-6A3E5126073E}.Ad-Hoc|Any CPU.ActiveCfg = Debug|Any CPU
		{5FFD47F5-9AF4-4EA7-9DA9-6A3E5126073E}.Ad-Hoc|Any CPU.Build.0 = Debug|Any CPU
		{5FFD47F5-9AF4-4EA7-9DA9-6A3E5126073E}.Ad-Hoc|ARM.ActiveCfg = Debug|Any CPU
		{5FFD47F5-9AF4-4EA7-9DA9-6A3E5126073E}.Ad-Hoc|ARM.Build.0 = Debug|Any CPU
		{5FFD47F5-9AF4-4EA7-9DA9-6A3E5126073E}.Ad-Hoc|iPhone.ActiveCfg = Debug|Any CPU
		{5FFD47F5-9AF4-4EA7-9DA9-6A3E5126073E}.Ad-Hoc|iPhone.Build.0 = Debug|Any CPU
		{5FFD47F5-9AF4-4EA7-9DA9-6A3E5126073E}.Ad-Hoc|iPhoneSimulator.ActiveCfg = Debug|Any CPU
		{5FFD47F5-9AF4-4EA7-9DA9-6A3E5126073E}.Ad-Hoc|iPhoneSimulator.Build.0 = Debug|Any CPU
		{5FFD47F5-9AF4-4EA7-9DA9-6A3E5126073E}.Ad-Hoc|x64.ActiveCfg = Debug|Any CPU
		{5FFD47F5-9AF4-4EA7-9DA9-6A3E5126073E}.Ad-Hoc|x64.Build.0 = Debug|Any CPU
		{5FFD47F5-9AF4-4EA7-9DA9-6A3E5126073E}.Ad-Hoc|x86.ActiveCfg = Debug|Any CPU
		{5FFD47F5-9AF4-4EA7-9DA9-6A3E5126073E}.Ad-Hoc|x86.Build.0 = Debug|Any CPU
		{5FFD47F5-9AF4-4EA7-9DA9-6A3E5126073E}.AppStore|Any CPU.ActiveCfg = Debug|Any CPU
		{5FFD47F5-9AF4-4EA7-9DA9-6A3E5126073E}.AppStore|Any CPU.Build.0 = Debug|Any CPU
		{5FFD47F5-9AF4-4EA7-9DA9-6A3E5126073E}.AppStore|ARM.ActiveCfg = Debug|Any CPU
		{5FFD47F5-9AF4-4EA7-9DA9-6A3E5126073E}.AppStore|ARM.Build.0 = Debug|Any CPU
		{5FFD47F5-9AF4-4EA7-9DA9-6A3E5126073E}.AppStore|iPhone.ActiveCfg = Debug|Any CPU
		{5FFD47F5-9AF4-4EA7-9DA9-6A3E5126073E}.AppStore|iPhone.Build.0 = Debug|Any CPU
		{5FFD47F5-9AF4-4EA7-9DA9-6A3E5126073E}.AppStore|iPhoneSimulator.ActiveCfg = Debug|Any CPU
		{5FFD47F5-9AF4-4EA7-9DA9-6A3E5126073E}.AppStore|iPhoneSimulator.Build.0 = Debug|Any CPU
		{5FFD47F5-9AF4-4EA7-9DA9-6A3E5126073E}.AppStore|x64.ActiveCfg = Debug|Any CPU
		{5FFD47F5-9AF4-4EA7-9DA9-6A3E5126073E}.AppStore|x64.Build.0 = Debug|Any CPU
		{5FFD47F5-9AF4-4EA7-9DA9-6A3E5126073E}.AppStore|x86.ActiveCfg = Debug|Any CPU
		{5FFD47F5-9AF4-4EA7-9DA9-6A3E5126073E}.AppStore|x86.Build.0 = Debug|Any CPU
		{5FFD47F5-9AF4-4EA7-9DA9-6A3E5126073E}.Debug|Any CPU.ActiveCfg = Debug|Any CPU
		{5FFD47F5-9AF4-4EA7-9DA9-6A3E5126073E}.Debug|Any CPU.Build.0 = Debug|Any CPU
		{5FFD47F5-9AF4-4EA7-9DA9-6A3E5126073E}.Debug|ARM.ActiveCfg = Debug|Any CPU
		{5FFD47F5-9AF4-4EA7-9DA9-6A3E5126073E}.Debug|ARM.Build.0 = Debug|Any CPU
		{5FFD47F5-9AF4-4EA7-9DA9-6A3E5126073E}.Debug|iPhone.ActiveCfg = Debug|Any CPU
		{5FFD47F5-9AF4-4EA7-9DA9-6A3E5126073E}.Debug|iPhone.Build.0 = Debug|Any CPU
		{5FFD47F5-9AF4-4EA7-9DA9-6A3E5126073E}.Debug|iPhoneSimulator.ActiveCfg = Debug|Any CPU
		{5FFD47F5-9AF4-4EA7-9DA9-6A3E5126073E}.Debug|iPhoneSimulator.Build.0 = Debug|Any CPU
		{5FFD47F5-9AF4-4EA7-9DA9-6A3E5126073E}.Debug|x64.ActiveCfg = Debug|Any CPU
		{5FFD47F5-9AF4-4EA7-9DA9-6A3E5126073E}.Debug|x64.Build.0 = Debug|Any CPU
		{5FFD47F5-9AF4-4EA7-9DA9-6A3E5126073E}.Debug|x86.ActiveCfg = Debug|Any CPU
		{5FFD47F5-9AF4-4EA7-9DA9-6A3E5126073E}.Debug|x86.Build.0 = Debug|Any CPU
		{5FFD47F5-9AF4-4EA7-9DA9-6A3E5126073E}.Release|Any CPU.ActiveCfg = Release|Any CPU
		{5FFD47F5-9AF4-4EA7-9DA9-6A3E5126073E}.Release|Any CPU.Build.0 = Release|Any CPU
		{5FFD47F5-9AF4-4EA7-9DA9-6A3E5126073E}.Release|ARM.ActiveCfg = Release|Any CPU
		{5FFD47F5-9AF4-4EA7-9DA9-6A3E5126073E}.Release|ARM.Build.0 = Release|Any CPU
		{5FFD47F5-9AF4-4EA7-9DA9-6A3E5126073E}.Release|iPhone.ActiveCfg = Release|Any CPU
		{5FFD47F5-9AF4-4EA7-9DA9-6A3E5126073E}.Release|iPhone.Build.0 = Release|Any CPU
		{5FFD47F5-9AF4-4EA7-9DA9-6A3E5126073E}.Release|iPhoneSimulator.ActiveCfg = Release|Any CPU
		{5FFD47F5-9AF4-4EA7-9DA9-6A3E5126073E}.Release|iPhoneSimulator.Build.0 = Release|Any CPU
		{5FFD47F5-9AF4-4EA7-9DA9-6A3E5126073E}.Release|x64.ActiveCfg = Release|Any CPU
		{5FFD47F5-9AF4-4EA7-9DA9-6A3E5126073E}.Release|x64.Build.0 = Release|Any CPU
		{5FFD47F5-9AF4-4EA7-9DA9-6A3E5126073E}.Release|x86.ActiveCfg = Release|Any CPU
		{5FFD47F5-9AF4-4EA7-9DA9-6A3E5126073E}.Release|x86.Build.0 = Release|Any CPU
	EndGlobalSection
	GlobalSection(SolutionProperties) = preSolution
		HideSolutionNode = FALSE
	EndGlobalSection
	GlobalSection(ExtensibilityGlobals) = postSolution
		SolutionGuid = {17916043-F9EC-452A-A4EC-7C22F63D1BDA}
	EndGlobalSection
EndGlobal
